
Microsoft Visual Studio Solution File, Format Version 12.00
# Visual Studio 15
VisualStudioVersion = 15.0.28010.2041
MinimumVisualStudioVersion = 10.0.40219.1
Project("{FAE04EC0-301F-11D3-BF4B-00C04F79EFBC}") = "GarbageCollectionDemo", "GarbageCollectionDemo\GarbageCollectionDemo.csproj", "{5840F5FF-234D-479C-80BD-2AEB2D78DFA0}"
EndProject
Global
	GlobalSection(SolutionConfigurationPlatforms) = preSolution
		Debug|Any CPU = Debug|Any CPU
		Release|Any CPU = Release|Any CPU
	EndGlobalSection
	GlobalSection(ProjectConfigurationPlatforms) = postSolution
		{5840F5FF-234D-479C-80BD-2AEB2D78DFA0}.Debug|Any CPU.ActiveCfg = Debug|Any CPU
		{5840F5FF-234D-479C-80BD-2AEB2D78DFA0}.Debug|Any CPU.Build.0 = Debug|Any CPU
		{5840F5FF-234D-479C-80BD-2AEB2D78DFA0}.Release|Any CPU.ActiveCfg = Release|Any CPU
		{5840F5FF-234D-479C-80BD-2AEB2D78DFA0}.Release|Any CPU.Build.0 = Release|Any CPU
	EndGlobalSection
	GlobalSection(SolutionProperties) = preSolution
		HideSolutionNode = FALSE
	EndGlobalSection
	GlobalSection(ExtensibilityGlobals) = postSolution
		SolutionGuid = {4601753C-7D29-4CA9-B002-33DF732F04F7}
	EndGlobalSection
EndGlobal
